
Microsoft Visual Studio Solution File, Format Version 12.00
# Visual Studio Version 17
VisualStudioVersion = 17.12.35527.113
MinimumVisualStudioVersion = 10.0.40219.1
Project("{FAE04EC0-301F-11D3-BF4B-00C04F79EFBC}") = "FileManager.Api", "FileManager.Api\FileManager.Api.csproj", "{D8DF21B3-3610-42FC-B756-563DD762F5C4}"
EndProject
Project("{FAE04EC0-301F-11D3-BF4B-00C04F79EFBC}") = "FileManager.Application", "FileManager.Application\FileManager.Application.csproj", "{9E09F81F-AF40-478E-B56D-384249335D2E}"
EndProject
Project("{FAE04EC0-301F-11D3-BF4B-00C04F79EFBC}") = "FileManager.Domain", "FileManager.Domain\FileManager.Domain.csproj", "{0BE607C5-4DAE-4180-809F-E3B9756F19C9}"
EndProject
Project("{FAE04EC0-301F-11D3-BF4B-00C04F79EFBC}") = "FileManager.Infrastructure", "FileManager.Infrastructure\FileManager.Infrastructure.csproj", "{62DAD9A3-DF9A-472B-8A16-CE6E978C9268}"
EndProject
Global
	GlobalSection(SolutionConfigurationPlatforms) = preSolution
		Debug|Any CPU = Debug|Any CPU
		Release|Any CPU = Release|Any CPU
	EndGlobalSection
	GlobalSection(ProjectConfigurationPlatforms) = postSolution
		{D8DF21B3-3610-42FC-B756-563DD762F5C4}.Debug|Any CPU.ActiveCfg = Debug|Any CPU
		{D8DF21B3-3610-42FC-B756-563DD762F5C4}.Debug|Any CPU.Build.0 = Debug|Any CPU
		{D8DF21B3-3610-42FC-B756-563DD762F5C4}.Release|Any CPU.ActiveCfg = Release|Any CPU
		{D8DF21B3-3610-42FC-B756-563DD762F5C4}.Release|Any CPU.Build.0 = Release|Any CPU
		{9E09F81F-AF40-478E-B56D-384249335D2E}.Debug|Any CPU.ActiveCfg = Debug|Any CPU
		{9E09F81F-AF40-478E-B56D-384249335D2E}.Debug|Any CPU.Build.0 = Debug|Any CPU
		{9E09F81F-AF40-478E-B56D-384249335D2E}.Release|Any CPU.ActiveCfg = Release|Any CPU
		{9E09F81F-AF40-478E-B56D-384249335D2E}.Release|Any CPU.Build.0 = Release|Any CPU
		{0BE607C5-4DAE-4180-809F-E3B9756F19C9}.Debug|Any CPU.ActiveCfg = Debug|Any CPU
		{0BE607C5-4DAE-4180-809F-E3B9756F19C9}.Debug|Any CPU.Build.0 = Debug|Any CPU
		{0BE607C5-4DAE-4180-809F-E3B9756F19C9}.Release|Any CPU.ActiveCfg = Release|Any CPU
		{0BE607C5-4DAE-4180-809F-E3B9756F19C9}.Release|Any CPU.Build.0 = Release|Any CPU
		{62DAD9A3-DF9A-472B-8A16-CE6E978C9268}.Debug|Any CPU.ActiveCfg = Debug|Any CPU
		{62DAD9A3-DF9A-472B-8A16-CE6E978C9268}.Debug|Any CPU.Build.0 = Debug|Any CPU
		{62DAD9A3-DF9A-472B-8A16-CE6E978C9268}.Release|Any CPU.ActiveCfg = Release|Any CPU
		{62DAD9A3-DF9A-472B-8A16-CE6E978C9268}.Release|Any CPU.Build.0 = Release|Any CPU
	EndGlobalSection
	GlobalSection(SolutionProperties) = preSolution
		HideSolutionNode = FALSE
	EndGlobalSection
EndGlobal
